{
  "name": "node-microservices",
  "lockfileVersion": 2,
  "requires": true,
  "packages": {
    "": {
      "dependencies": {
        "express-routes-versioning": "^1.0.1"
      }
    },
    "node_modules/express-routes-versioning": {
      "version": "1.0.1",
      "resolved": "https://registry.npmjs.org/express-routes-versioning/-/express-routes-versioning-1.0.1.tgz",
      "integrity": "sha512-lzTLVyGFdyaahAN2rfBvnPJKsSMy0fAfMMmkRif1MLXZCNvp1BwRepnhVh0WEn8z39AXPdCeIzibds7qidbAow=="
    }
  },
  "dependencies": {
    "express-routes-versioning": {
      "version": "1.0.1",
      "resolved": "https://registry.npmjs.org/express-routes-versioning/-/express-routes-versioning-1.0.1.tgz",
      "integrity": "sha512-lzTLVyGFdyaahAN2rfBvnPJKsSMy0fAfMMmkRif1MLXZCNvp1BwRepnhVh0WEn8z39AXPdCeIzibds7qidbAow=="
    }
  }
}
